// !$*UTF8*$!
{
	archiveVersion = 1;
	classes = {
	};
	objectVersion = 54;
	objects = {

/* Begin PBXBuildFile section */
		00E356F31AD99517003FC87E /* eqtlCliTests.m in Sources */ = {isa = PBXBuildFile; fileRef = 00E356F21AD99517003FC87E /* eqtlCliTests.m */; };
		13B07FBC1A68108700A75B9A /* AppDelegate.m in Sources */ = {isa = PBXBuildFile; fileRef = 13B07FB01A68108700A75B9A /* AppDelegate.m */; };
		13B07FBF1A68108700A75B9A /* Images.xcassets in Resources */ = {isa = PBXBuildFile; fileRef = 13B07FB51A68108700A75B9A /* Images.xcassets */; };
		13B07FC11A68108700A75B9A /* main.m in Sources */ = {isa = PBXBuildFile; fileRef = 13B07FB71A68108700A75B9A /* main.m */; };
		58BAC58BE27B0AE59500042D /* libPods-eqtlCli-eqtlCliTests.a in Frameworks */ = {isa = PBXBuildFile; fileRef = B07DC220B4BF0849CCC16453 /* libPods-eqtlCli-eqtlCliTests.a */; };
		81AB9BB82411601600AC10FF /* LaunchScreen.storyboard in Resources */ = {isa = PBXBuildFile; fileRef = 81AB9BB72411601600AC10FF /* LaunchScreen.storyboard */; };
		B9D89E1B3554DD3E2B8E1365 /* libPods-eqtlCli.a in Frameworks */ = {isa = PBXBuildFile; fileRef = 98291DBCB26AFD4F5D8FAEF4 /* libPods-eqtlCli.a */; };
		7265D2411B1C4779B14FF387 /* Poppins-Bold.ttf in Resources */ = {isa = PBXBuildFile; fileRef = 1ACE2C3919664988A9A5A1E1 /* Poppins-Bold.ttf */; };
		96AC6166AAA24F8592AE5723 /* Poppins-Medium.ttf in Resources */ = {isa = PBXBuildFile; fileRef = 2A00BB8D0D82469D9C15801E /* Poppins-Medium.ttf */; };
		33D7E1739F624B5B828B90A5 /* Poppins-Regular.ttf in Resources */ = {isa = PBXBuildFile; fileRef = 4C341AD21F724C67AABC5EDA /* Poppins-Regular.ttf */; };
		28D5077691E149848A2D3422 /* Roboto-Black.ttf in Resources */ = {isa = PBXBuildFile; fileRef = 6BF678CCB931495993C1AC31 /* Roboto-Black.ttf */; };
		D8FF42A6CE204AD5A35F3BAF /* Roboto-Bold.ttf in Resources */ = {isa = PBXBuildFile; fileRef = ABEC937304FD4E92A51B6910 /* Roboto-Bold.ttf */; };
		1C6858DD2F194AF6B5B67852 /* Roboto-Light.ttf in Resources */ = {isa = PBXBuildFile; fileRef = 6E9F2CA94D7140D089148E1F /* Roboto-Light.ttf */; };
		E6A546AB18DF47B3ABA3B6C4 /* Roboto-Medium.ttf in Resources */ = {isa = PBXBuildFile; fileRef = C73AABCF50F54C01896B1FA6 /* Roboto-Medium.ttf */; };
		E3AF3FCD658641B5AA2CDCAD /* Roboto-Regular.ttf in Resources */ = {isa = PBXBuildFile; fileRef = FEF10B16D5944A81972EBC50 /* Roboto-Regular.ttf */; };
		A4ACC321501B4E9E979F8981 /* Roboto-Thin.ttf in Resources */ = {isa = PBXBuildFile; fileRef = DF36560073CB4B1FA5957B07 /* Roboto-Thin.ttf */; };
		8A63326FBA3244FB8593A82D /* Nunito-Black.ttf in Resources */ = {isa = PBXBuildFile; fileRef = B61300378B0E45D79DCEAAA3 /* Nunito-Black.ttf */; };
		9FD8053FF27F43F7B3D9A793 /* Nunito-Bold.ttf in Resources */ = {isa = PBXBuildFile; fileRef = 14C2576463C6401E975506BA /* Nunito-Bold.ttf */; };
		F8092C7E7645416AAA6DB92E /* Nunito-ExtraBold.ttf in Resources */ = {isa = PBXBuildFile; fileRef = CA51B5F9A7E6477D8AF6106C /* Nunito-ExtraBold.ttf */; };
		6341F5CD231248469488771A /* Nunito-ExtraLight.ttf in Resources */ = {isa = PBXBuildFile; fileRef = 9F12A24A670343F48D6C3630 /* Nunito-ExtraLight.ttf */; };
		A9D9F9EC2FDA46688FA75574 /* Nunito-Light.ttf in Resources */ = {isa = PBXBuildFile; fileRef = 7A9AB17443F94108B21E22DD /* Nunito-Light.ttf */; };
		F021EA54391C4BE49139EF02 /* Nunito-Regular.ttf in Resources */ = {isa = PBXBuildFile; fileRef = B6767B07B1BF44B19B5BEEB8 /* Nunito-Regular.ttf */; };
		4AB5C8A09E2F4314BC6FEC9F /* AntDesign.ttf in Resources */ = {isa = PBXBuildFile; fileRef = C7B383D659874D7890D973EC /* AntDesign.ttf */; };
		CC49E09581C847D5B976EB68 /* Entypo.ttf in Resources */ = {isa = PBXBuildFile; fileRef = FDF11E889A4F400585711664 /* Entypo.ttf */; };
		3CB9EED0C7DC4F70B8E2E2E4 /* EvilIcons.ttf in Resources */ = {isa = PBXBuildFile; fileRef = 535705EFB6604DA9AB2B9C5B /* EvilIcons.ttf */; };
		96C85DAA56B9482C969C4A26 /* Feather.ttf in Resources */ = {isa = PBXBuildFile; fileRef = 271ED62D6B8843DAB9374860 /* Feather.ttf */; };
		D1ED7D4CF43E46438CEB1996 /* FontAwesome.ttf in Resources */ = {isa = PBXBuildFile; fileRef = 0A1742CF11894C7BA57624E0 /* FontAwesome.ttf */; };
		39109C5817CB44A3BC989793 /* FontAwesome5_Brands.ttf in Resources */ = {isa = PBXBuildFile; fileRef = A51C9714DC4440E9AF7D2C86 /* FontAwesome5_Brands.ttf */; };
		FDFEBF7A99494B8E9EEEEFF5 /* FontAwesome5_Regular.ttf in Resources */ = {isa = PBXBuildFile; fileRef = EBEF3ED070DE4A01B442EAA0 /* FontAwesome5_Regular.ttf */; };
		5C2CD83ED63848F895609569 /* FontAwesome5_Solid.ttf in Resources */ = {isa = PBXBuildFile; fileRef = 5286AB9ADD854796BF48790C /* FontAwesome5_Solid.ttf */; };
		699B484CC5F148FDB5E36313 /* Fontisto.ttf in Resources */ = {isa = PBXBuildFile; fileRef = DC5C8ED8A4A940E4927D30A2 /* Fontisto.ttf */; };
		FF72C5E3664A45EABC7AF78B /* Foundation.ttf in Resources */ = {isa = PBXBuildFile; fileRef = 946F827059D44D4FB3474C53 /* Foundation.ttf */; };
		A77BF3A8525E498088E1B65C /* Ionicons.ttf in Resources */ = {isa = PBXBuildFile; fileRef = B0A394A73B4F45CAA0539169 /* Ionicons.ttf */; };
		031ED76FDC5D444C83CCD9EB /* MaterialCommunityIcons.ttf in Resources */ = {isa = PBXBuildFile; fileRef = 6044EB3A60CB4C309E7879B8 /* MaterialCommunityIcons.ttf */; };
		6E934EBB51564C0C95ED8490 /* MaterialIcons.ttf in Resources */ = {isa = PBXBuildFile; fileRef = 6B37297036EE47C1980127D0 /* MaterialIcons.ttf */; };
		D3E9C5A8FF76439BBFB369E2 /* Octicons.ttf in Resources */ = {isa = PBXBuildFile; fileRef = 5E1D2D11A9984BF18B79F4BF /* Octicons.ttf */; };
		11ABE67BC293426F99EDF505 /* SimpleLineIcons.ttf in Resources */ = {isa = PBXBuildFile; fileRef = 7AB516A56F8041A683E778E2 /* SimpleLineIcons.ttf */; };
		36F411896BFC4DFA89425024 /* Zocial.ttf in Resources */ = {isa = PBXBuildFile; fileRef = 52187C8BE79A4AA086B4D06F /* Zocial.ttf */; };
/* End PBXBuildFile section */

/* Begin PBXContainerItemProxy section */
		00E356F41AD99517003FC87E /* PBXContainerItemProxy */ = {
			isa = PBXContainerItemProxy;
			containerPortal = 83CBB9F71A601CBA00E9B192 /* Project object */;
			proxyType = 1;
			remoteGlobalIDString = 13B07F861A680F5B00A75B9A;
			remoteInfo = eqtlCli;
		};
/* End PBXContainerItemProxy section */

/* Begin PBXFileReference section */
		00E356EE1AD99517003FC87E /* eqtlCliTests.xctest */ = {isa = PBXFileReference; explicitFileType = wrapper.cfbundle; includeInIndex = 0; path = eqtlCliTests.xctest; sourceTree = BUILT_PRODUCTS_DIR; };
		00E356F11AD99517003FC87E /* Info.plist */ = {isa = PBXFileReference; lastKnownFileType = text.plist.xml; path = Info.plist; sourceTree = "<group>"; };
		00E356F21AD99517003FC87E /* eqtlCliTests.m */ = {isa = PBXFileReference; lastKnownFileType = sourcecode.c.objc; path = eqtlCliTests.m; sourceTree = "<group>"; };
		13B07F961A680F5B00A75B9A /* eqtlCli.app */ = {isa = PBXFileReference; explicitFileType = wrapper.application; includeInIndex = 0; path = eqtlCli.app; sourceTree = BUILT_PRODUCTS_DIR; };
		13B07FAF1A68108700A75B9A /* AppDelegate.h */ = {isa = PBXFileReference; fileEncoding = 4; lastKnownFileType = sourcecode.c.h; name = AppDelegate.h; path = eqtlCli/AppDelegate.h; sourceTree = "<group>"; };
		13B07FB01A68108700A75B9A /* AppDelegate.m */ = {isa = PBXFileReference; fileEncoding = 4; lastKnownFileType = sourcecode.c.objc; name = AppDelegate.m; path = eqtlCli/AppDelegate.m; sourceTree = "<group>"; };
		13B07FB51A68108700A75B9A /* Images.xcassets */ = {isa = PBXFileReference; lastKnownFileType = folder.assetcatalog; name = Images.xcassets; path = eqtlCli/Images.xcassets; sourceTree = "<group>"; };
		13B07FB61A68108700A75B9A /* Info.plist */ = {isa = PBXFileReference; fileEncoding = 4; lastKnownFileType = text.plist.xml; name = Info.plist; path = eqtlCli/Info.plist; sourceTree = "<group>"; };
		13B07FB71A68108700A75B9A /* main.m */ = {isa = PBXFileReference; fileEncoding = 4; lastKnownFileType = sourcecode.c.objc; name = main.m; path = eqtlCli/main.m; sourceTree = "<group>"; };
		30F1E7EFE5A8C772027B7C79 /* Pods-eqtlCli-eqtlCliTests.debug.xcconfig */ = {isa = PBXFileReference; includeInIndex = 1; lastKnownFileType = text.xcconfig; name = "Pods-eqtlCli-eqtlCliTests.debug.xcconfig"; path = "Target Support Files/Pods-eqtlCli-eqtlCliTests/Pods-eqtlCli-eqtlCliTests.debug.xcconfig"; sourceTree = "<group>"; };
		78392288E3E4EBDC242A9082 /* Pods-eqtlCli.release.xcconfig */ = {isa = PBXFileReference; includeInIndex = 1; lastKnownFileType = text.xcconfig; name = "Pods-eqtlCli.release.xcconfig"; path = "Target Support Files/Pods-eqtlCli/Pods-eqtlCli.release.xcconfig"; sourceTree = "<group>"; };
		81AB9BB72411601600AC10FF /* LaunchScreen.storyboard */ = {isa = PBXFileReference; fileEncoding = 4; lastKnownFileType = file.storyboard; name = LaunchScreen.storyboard; path = eqtlCli/LaunchScreen.storyboard; sourceTree = "<group>"; };
		98291DBCB26AFD4F5D8FAEF4 /* libPods-eqtlCli.a */ = {isa = PBXFileReference; explicitFileType = archive.ar; includeInIndex = 0; path = "libPods-eqtlCli.a"; sourceTree = BUILT_PRODUCTS_DIR; };
		B07DC220B4BF0849CCC16453 /* libPods-eqtlCli-eqtlCliTests.a */ = {isa = PBXFileReference; explicitFileType = archive.ar; includeInIndex = 0; path = "libPods-eqtlCli-eqtlCliTests.a"; sourceTree = BUILT_PRODUCTS_DIR; };
		D98DED1F02FD50C99EA5F08D /* Pods-eqtlCli.debug.xcconfig */ = {isa = PBXFileReference; includeInIndex = 1; lastKnownFileType = text.xcconfig; name = "Pods-eqtlCli.debug.xcconfig"; path = "Target Support Files/Pods-eqtlCli/Pods-eqtlCli.debug.xcconfig"; sourceTree = "<group>"; };
		ED297162215061F000B7C4FE /* JavaScriptCore.framework */ = {isa = PBXFileReference; lastKnownFileType = wrapper.framework; name = JavaScriptCore.framework; path = System/Library/Frameworks/JavaScriptCore.framework; sourceTree = SDKROOT; };
		F18F7824B874300130B74304 /* Pods-eqtlCli-eqtlCliTests.release.xcconfig */ = {isa = PBXFileReference; includeInIndex = 1; lastKnownFileType = text.xcconfig; name = "Pods-eqtlCli-eqtlCliTests.release.xcconfig"; path = "Target Support Files/Pods-eqtlCli-eqtlCliTests/Pods-eqtlCli-eqtlCliTests.release.xcconfig"; sourceTree = "<group>"; };
		1ACE2C3919664988A9A5A1E1 /* Poppins-Bold.ttf */ = {isa = PBXFileReference; name = "Poppins-Bold.ttf"; path = "../src/assets/fonts/Poppins-Bold.ttf"; sourceTree = "<group>"; fileEncoding = undefined; lastKnownFileType = unknown; explicitFileType = undefined; includeInIndex = 0; };
		2A00BB8D0D82469D9C15801E /* Poppins-Medium.ttf */ = {isa = PBXFileReference; name = "Poppins-Medium.ttf"; path = "../src/assets/fonts/Poppins-Medium.ttf"; sourceTree = "<group>"; fileEncoding = undefined; lastKnownFileType = unknown; explicitFileType = undefined; includeInIndex = 0; };
		4C341AD21F724C67AABC5EDA /* Poppins-Regular.ttf */ = {isa = PBXFileReference; name = "Poppins-Regular.ttf"; path = "../src/assets/fonts/Poppins-Regular.ttf"; sourceTree = "<group>"; fileEncoding = undefined; lastKnownFileType = unknown; explicitFileType = undefined; includeInIndex = 0; };
		6BF678CCB931495993C1AC31 /* Roboto-Black.ttf */ = {isa = PBXFileReference; name = "Roboto-Black.ttf"; path = "../src/assets/fonts/Roboto-Black.ttf"; sourceTree = "<group>"; fileEncoding = undefined; lastKnownFileType = unknown; explicitFileType = undefined; includeInIndex = 0; };
		ABEC937304FD4E92A51B6910 /* Roboto-Bold.ttf */ = {isa = PBXFileReference; name = "Roboto-Bold.ttf"; path = "../src/assets/fonts/Roboto-Bold.ttf"; sourceTree = "<group>"; fileEncoding = undefined; lastKnownFileType = unknown; explicitFileType = undefined; includeInIndex = 0; };
		6E9F2CA94D7140D089148E1F /* Roboto-Light.ttf */ = {isa = PBXFileReference; name = "Roboto-Light.ttf"; path = "../src/assets/fonts/Roboto-Light.ttf"; sourceTree = "<group>"; fileEncoding = undefined; lastKnownFileType = unknown; explicitFileType = undefined; includeInIndex = 0; };
		C73AABCF50F54C01896B1FA6 /* Roboto-Medium.ttf */ = {isa = PBXFileReference; name = "Roboto-Medium.ttf"; path = "../src/assets/fonts/Roboto-Medium.ttf"; sourceTree = "<group>"; fileEncoding = undefined; lastKnownFileType = unknown; explicitFileType = undefined; includeInIndex = 0; };
		FEF10B16D5944A81972EBC50 /* Roboto-Regular.ttf */ = {isa = PBXFileReference; name = "Roboto-Regular.ttf"; path = "../src/assets/fonts/Roboto-Regular.ttf"; sourceTree = "<group>"; fileEncoding = undefined; lastKnownFileType = unknown; explicitFileType = undefined; includeInIndex = 0; };
		DF36560073CB4B1FA5957B07 /* Roboto-Thin.ttf */ = {isa = PBXFileReference; name = "Roboto-Thin.ttf"; path = "../src/assets/fonts/Roboto-Thin.ttf"; sourceTree = "<group>"; fileEncoding = undefined; lastKnownFileType = unknown; explicitFileType = undefined; includeInIndex = 0; };
		B61300378B0E45D79DCEAAA3 /* Nunito-Black.ttf */ = {isa = PBXFileReference; name = "Nunito-Black.ttf"; path = "../src/assets/fonts/Nunito-Black.ttf"; sourceTree = "<group>"; fileEncoding = undefined; lastKnownFileType = unknown; explicitFileType = undefined; includeInIndex = 0; };
		14C2576463C6401E975506BA /* Nunito-Bold.ttf */ = {isa = PBXFileReference; name = "Nunito-Bold.ttf"; path = "../src/assets/fonts/Nunito-Bold.ttf"; sourceTree = "<group>"; fileEncoding = undefined; lastKnownFileType = unknown; explicitFileType = undefined; includeInIndex = 0; };
		CA51B5F9A7E6477D8AF6106C /* Nunito-ExtraBold.ttf */ = {isa = PBXFileReference; name = "Nunito-ExtraBold.ttf"; path = "../src/assets/fonts/Nunito-ExtraBold.ttf"; sourceTree = "<group>"; fileEncoding = undefined; lastKnownFileType = unknown; explicitFileType = undefined; includeInIndex = 0; };
		9F12A24A670343F48D6C3630 /* Nunito-ExtraLight.ttf */ = {isa = PBXFileReference; name = "Nunito-ExtraLight.ttf"; path = "../src/assets/fonts/Nunito-ExtraLight.ttf"; sourceTree = "<group>"; fileEncoding = undefined; lastKnownFileType = unknown; explicitFileType = undefined; includeInIndex = 0; };
		7A9AB17443F94108B21E22DD /* Nunito-Light.ttf */ = {isa = PBXFileReference; name = "Nunito-Light.ttf"; path = "../src/assets/fonts/Nunito-Light.ttf"; sourceTree = "<group>"; fileEncoding = undefined; lastKnownFileType = unknown; explicitFileType = undefined; includeInIndex = 0; };
		B6767B07B1BF44B19B5BEEB8 /* Nunito-Regular.ttf */ = {isa = PBXFileReference; name = "Nunito-Regular.ttf"; path = "../src/assets/fonts/Nunito-Regular.ttf"; sourceTree = "<group>"; fileEncoding = undefined; lastKnownFileType = unknown; explicitFileType = undefined; includeInIndex = 0; };
		C7B383D659874D7890D973EC /* AntDesign.ttf */ = {isa = PBXFileReference; name = "AntDesign.ttf"; path = "../node_modules/react-native-vector-icons/Fonts/AntDesign.ttf"; sourceTree = "<group>"; fileEncoding = undefined; lastKnownFileType = unknown; explicitFileType = undefined; includeInIndex = 0; };
		FDF11E889A4F400585711664 /* Entypo.ttf */ = {isa = PBXFileReference; name = "Entypo.ttf"; path = "../node_modules/react-native-vector-icons/Fonts/Entypo.ttf"; sourceTree = "<group>"; fileEncoding = undefined; lastKnownFileType = unknown; explicitFileType = undefined; includeInIndex = 0; };
		535705EFB6604DA9AB2B9C5B /* EvilIcons.ttf */ = {isa = PBXFileReference; name = "EvilIcons.ttf"; path = "../node_modules/react-native-vector-icons/Fonts/EvilIcons.ttf"; sourceTree = "<group>"; fileEncoding = undefined; lastKnownFileType = unknown; explicitFileType = undefined; includeInIndex = 0; };
		271ED62D6B8843DAB9374860 /* Feather.ttf */ = {isa = PBXFileReference; name = "Feather.ttf"; path = "../node_modules/react-native-vector-icons/Fonts/Feather.ttf"; sourceTree = "<group>"; fileEncoding = undefined; lastKnownFileType = unknown; explicitFileType = undefined; includeInIndex = 0; };
		0A1742CF11894C7BA57624E0 /* FontAwesome.ttf */ = {isa = PBXFileReference; name = "FontAwesome.ttf"; path = "../node_modules/react-native-vector-icons/Fonts/FontAwesome.ttf"; sourceTree = "<group>"; fileEncoding = undefined; lastKnownFileType = unknown; explicitFileType = undefined; includeInIndex = 0; };
		A51C9714DC4440E9AF7D2C86 /* FontAwesome5_Brands.ttf */ = {isa = PBXFileReference; name = "FontAwesome5_Brands.ttf"; path = "../node_modules/react-native-vector-icons/Fonts/FontAwesome5_Brands.ttf"; sourceTree = "<group>"; fileEncoding = undefined; lastKnownFileType = unknown; explicitFileType = undefined; includeInIndex = 0; };
		EBEF3ED070DE4A01B442EAA0 /* FontAwesome5_Regular.ttf */ = {isa = PBXFileReference; name = "FontAwesome5_Regular.ttf"; path = "../node_modules/react-native-vector-icons/Fonts/FontAwesome5_Regular.ttf"; sourceTree = "<group>"; fileEncoding = undefined; lastKnownFileType = unknown; explicitFileType = undefined; includeInIndex = 0; };
		5286AB9ADD854796BF48790C /* FontAwesome5_Solid.ttf */ = {isa = PBXFileReference; name = "FontAwesome5_Solid.ttf"; path = "../node_modules/react-native-vector-icons/Fonts/FontAwesome5_Solid.ttf"; sourceTree = "<group>"; fileEncoding = undefined; lastKnownFileType = unknown; explicitFileType = undefined; includeInIndex = 0; };
		DC5C8ED8A4A940E4927D30A2 /* Fontisto.ttf */ = {isa = PBXFileReference; name = "Fontisto.ttf"; path = "../node_modules/react-native-vector-icons/Fonts/Fontisto.ttf"; sourceTree = "<group>"; fileEncoding = undefined; lastKnownFileType = unknown; explicitFileType = undefined; includeInIndex = 0; };
		946F827059D44D4FB3474C53 /* Foundation.ttf */ = {isa = PBXFileReference; name = "Foundation.ttf"; path = "../node_modules/react-native-vector-icons/Fonts/Foundation.ttf"; sourceTree = "<group>"; fileEncoding = undefined; lastKnownFileType = unknown; explicitFileType = undefined; includeInIndex = 0; };
		B0A394A73B4F45CAA0539169 /* Ionicons.ttf */ = {isa = PBXFileReference; name = "Ionicons.ttf"; path = "../node_modules/react-native-vector-icons/Fonts/Ionicons.ttf"; sourceTree = "<group>"; fileEncoding = undefined; lastKnownFileType = unknown; explicitFileType = undefined; includeInIndex = 0; };
		6044EB3A60CB4C309E7879B8 /* MaterialCommunityIcons.ttf */ = {isa = PBXFileReference; name = "MaterialCommunityIcons.ttf"; path = "../node_modules/react-native-vector-icons/Fonts/MaterialCommunityIcons.ttf"; sourceTree = "<group>"; fileEncoding = undefined; lastKnownFileType = unknown; explicitFileType = undefined; includeInIndex = 0; };
		6B37297036EE47C1980127D0 /* MaterialIcons.ttf */ = {isa = PBXFileReference; name = "MaterialIcons.ttf"; path = "../node_modules/react-native-vector-icons/Fonts/MaterialIcons.ttf"; sourceTree = "<group>"; fileEncoding = undefined; lastKnownFileType = unknown; explicitFileType = undefined; includeInIndex = 0; };
		5E1D2D11A9984BF18B79F4BF /* Octicons.ttf */ = {isa = PBXFileReference; name = "Octicons.ttf"; path = "../node_modules/react-native-vector-icons/Fonts/Octicons.ttf"; sourceTree = "<group>"; fileEncoding = undefined; lastKnownFileType = unknown; explicitFileType = undefined; includeInIndex = 0; };
		7AB516A56F8041A683E778E2 /* SimpleLineIcons.ttf */ = {isa = PBXFileReference; name = "SimpleLineIcons.ttf"; path = "../node_modules/react-native-vector-icons/Fonts/SimpleLineIcons.ttf"; sourceTree = "<group>"; fileEncoding = undefined; lastKnownFileType = unknown; explicitFileType = undefined; includeInIndex = 0; };
		52187C8BE79A4AA086B4D06F /* Zocial.ttf */ = {isa = PBXFileReference; name = "Zocial.ttf"; path = "../node_modules/react-native-vector-icons/Fonts/Zocial.ttf"; sourceTree = "<group>"; fileEncoding = undefined; lastKnownFileType = unknown; explicitFileType = undefined; includeInIndex = 0; };
/* End PBXFileReference section */

/* Begin PBXFrameworksBuildPhase section */
		00E356EB1AD99517003FC87E /* Frameworks */ = {
			isa = PBXFrameworksBuildPhase;
			buildActionMask = 2147483647;
			files = (
				58BAC58BE27B0AE59500042D /* libPods-eqtlCli-eqtlCliTests.a in Frameworks */,
			);
			runOnlyForDeploymentPostprocessing = 0;
		};
		13B07F8C1A680F5B00A75B9A /* Frameworks */ = {
			isa = PBXFrameworksBuildPhase;
			buildActionMask = 2147483647;
			files = (
				B9D89E1B3554DD3E2B8E1365 /* libPods-eqtlCli.a in Frameworks */,
			);
			runOnlyForDeploymentPostprocessing = 0;
		};
/* End PBXFrameworksBuildPhase section */

/* Begin PBXGroup section */
		00E356EF1AD99517003FC87E /* eqtlCliTests */ = {
			isa = PBXGroup;
			children = (
				00E356F21AD99517003FC87E /* eqtlCliTests.m */,
				00E356F01AD99517003FC87E /* Supporting Files */,
			);
			path = eqtlCliTests;
			sourceTree = "<group>";
		};
		00E356F01AD99517003FC87E /* Supporting Files */ = {
			isa = PBXGroup;
			children = (
				00E356F11AD99517003FC87E /* Info.plist */,
			);
			name = "Supporting Files";
			sourceTree = "<group>";
		};
		13B07FAE1A68108700A75B9A /* eqtlCli */ = {
			isa = PBXGroup;
			children = (
				13B07FAF1A68108700A75B9A /* AppDelegate.h */,
				13B07FB01A68108700A75B9A /* AppDelegate.m */,
				13B07FB51A68108700A75B9A /* Images.xcassets */,
				13B07FB61A68108700A75B9A /* Info.plist */,
				81AB9BB72411601600AC10FF /* LaunchScreen.storyboard */,
				13B07FB71A68108700A75B9A /* main.m */,
			);
			name = eqtlCli;
			sourceTree = "<group>";
		};
		2D16E6871FA4F8E400B85C8A /* Frameworks */ = {
			isa = PBXGroup;
			children = (
				ED297162215061F000B7C4FE /* JavaScriptCore.framework */,
				98291DBCB26AFD4F5D8FAEF4 /* libPods-eqtlCli.a */,
				B07DC220B4BF0849CCC16453 /* libPods-eqtlCli-eqtlCliTests.a */,
			);
			name = Frameworks;
			sourceTree = "<group>";
		};
		832341AE1AAA6A7D00B99B32 /* Libraries */ = {
			isa = PBXGroup;
			children = (
			);
			name = Libraries;
			sourceTree = "<group>";
		};
		83CBB9F61A601CBA00E9B192 = {
			isa = PBXGroup;
			children = (
				13B07FAE1A68108700A75B9A /* eqtlCli */,
				832341AE1AAA6A7D00B99B32 /* Libraries */,
				00E356EF1AD99517003FC87E /* eqtlCliTests */,
				83CBBA001A601CBA00E9B192 /* Products */,
				2D16E6871FA4F8E400B85C8A /* Frameworks */,
				E0B9B380F3E1433BA9CEC4D2 /* Pods */,
				BBC087EBF0D54C89A83990D9 /* Resources */,
			);
			indentWidth = 2;
			sourceTree = "<group>";
			tabWidth = 2;
			usesTabs = 0;
		};
		83CBBA001A601CBA00E9B192 /* Products */ = {
			isa = PBXGroup;
			children = (
				13B07F961A680F5B00A75B9A /* eqtlCli.app */,
				00E356EE1AD99517003FC87E /* eqtlCliTests.xctest */,
			);
			name = Products;
			sourceTree = "<group>";
		};
		E0B9B380F3E1433BA9CEC4D2 /* Pods */ = {
			isa = PBXGroup;
			children = (
				D98DED1F02FD50C99EA5F08D /* Pods-eqtlCli.debug.xcconfig */,
				78392288E3E4EBDC242A9082 /* Pods-eqtlCli.release.xcconfig */,
				30F1E7EFE5A8C772027B7C79 /* Pods-eqtlCli-eqtlCliTests.debug.xcconfig */,
				F18F7824B874300130B74304 /* Pods-eqtlCli-eqtlCliTests.release.xcconfig */,
			);
			name = Pods;
			path = Pods;
			sourceTree = "<group>";
		};
		BBC087EBF0D54C89A83990D9 /* Resources */ = {
			isa = "PBXGroup";
			children = (
				1ACE2C3919664988A9A5A1E1 /* Poppins-Bold.ttf */,
				2A00BB8D0D82469D9C15801E /* Poppins-Medium.ttf */,
				4C341AD21F724C67AABC5EDA /* Poppins-Regular.ttf */,
				6BF678CCB931495993C1AC31 /* Roboto-Black.ttf */,
				ABEC937304FD4E92A51B6910 /* Roboto-Bold.ttf */,
				6E9F2CA94D7140D089148E1F /* Roboto-Light.ttf */,
				C73AABCF50F54C01896B1FA6 /* Roboto-Medium.ttf */,
				FEF10B16D5944A81972EBC50 /* Roboto-Regular.ttf */,
				DF36560073CB4B1FA5957B07 /* Roboto-Thin.ttf */,
				B61300378B0E45D79DCEAAA3 /* Nunito-Black.ttf */,
				14C2576463C6401E975506BA /* Nunito-Bold.ttf */,
				CA51B5F9A7E6477D8AF6106C /* Nunito-ExtraBold.ttf */,
				9F12A24A670343F48D6C3630 /* Nunito-ExtraLight.ttf */,
				7A9AB17443F94108B21E22DD /* Nunito-Light.ttf */,
				B6767B07B1BF44B19B5BEEB8 /* Nunito-Regular.ttf */,
				C7B383D659874D7890D973EC /* AntDesign.ttf */,
				FDF11E889A4F400585711664 /* Entypo.ttf */,
				535705EFB6604DA9AB2B9C5B /* EvilIcons.ttf */,
				271ED62D6B8843DAB9374860 /* Feather.ttf */,
				0A1742CF11894C7BA57624E0 /* FontAwesome.ttf */,
				A51C9714DC4440E9AF7D2C86 /* FontAwesome5_Brands.ttf */,
				EBEF3ED070DE4A01B442EAA0 /* FontAwesome5_Regular.ttf */,
				5286AB9ADD854796BF48790C /* FontAwesome5_Solid.ttf */,
				DC5C8ED8A4A940E4927D30A2 /* Fontisto.ttf */,
				946F827059D44D4FB3474C53 /* Foundation.ttf */,
				B0A394A73B4F45CAA0539169 /* Ionicons.ttf */,
				6044EB3A60CB4C309E7879B8 /* MaterialCommunityIcons.ttf */,
				6B37297036EE47C1980127D0 /* MaterialIcons.ttf */,
				5E1D2D11A9984BF18B79F4BF /* Octicons.ttf */,
				7AB516A56F8041A683E778E2 /* SimpleLineIcons.ttf */,
				52187C8BE79A4AA086B4D06F /* Zocial.ttf */,
			);
			name = Resources;
			sourceTree = "<group>";
			path = "";
		};
/* End PBXGroup section */

/* Begin PBXNativeTarget section */
		00E356ED1AD99517003FC87E /* eqtlCliTests */ = {
			isa = PBXNativeTarget;
			buildConfigurationList = 00E357021AD99517003FC87E /* Build configuration list for PBXNativeTarget "eqtlCliTests" */;
			buildPhases = (
				61C06385950900F901CCE2EC /* [CP] Check Pods Manifest.lock */,
				00E356EA1AD99517003FC87E /* Sources */,
				00E356EB1AD99517003FC87E /* Frameworks */,
				00E356EC1AD99517003FC87E /* Resources */,
				089D24902D444BCFB231FEF7 /* [CP] Embed Pods Frameworks */,
				1652D3A2633496C0C13B4BC8 /* [CP] Copy Pods Resources */,
			);
			buildRules = (
			);
			dependencies = (
				00E356F51AD99517003FC87E /* PBXTargetDependency */,
			);
			name = eqtlCliTests;
			productName = eqtlCliTests;
			productReference = 00E356EE1AD99517003FC87E /* eqtlCliTests.xctest */;
			productType = "com.apple.product-type.bundle.unit-test";
		};
		13B07F861A680F5B00A75B9A /* eqtlCli */ = {
			isa = PBXNativeTarget;
			buildConfigurationList = 13B07F931A680F5B00A75B9A /* Build configuration list for PBXNativeTarget "eqtlCli" */;
			buildPhases = (
				1158A854C86EC80A79BA582A /* [CP] Check Pods Manifest.lock */,
				FD10A7F022414F080027D42C /* Start Packager */,
				13B07F871A680F5B00A75B9A /* Sources */,
				13B07F8C1A680F5B00A75B9A /* Frameworks */,
				13B07F8E1A680F5B00A75B9A /* Resources */,
				00DD1BFF1BD5951E006B06BC /* Bundle React Native code and images */,
				5BC99F8BAD9E28F64E6A5118 /* [CP] Embed Pods Frameworks */,
				DB9B61CF4FEF2C0978F1A9C7 /* [CP] Copy Pods Resources */,
			);
			buildRules = (
			);
			dependencies = (
			);
			name = eqtlCli;
			productName = eqtlCli;
			productReference = 13B07F961A680F5B00A75B9A /* eqtlCli.app */;
			productType = "com.apple.product-type.application";
		};
/* End PBXNativeTarget section */

/* Begin PBXProject section */
		83CBB9F71A601CBA00E9B192 /* Project object */ = {
			isa = PBXProject;
			attributes = {
				LastUpgradeCheck = 1210;
				TargetAttributes = {
					00E356ED1AD99517003FC87E = {
						CreatedOnToolsVersion = 6.2;
						TestTargetID = 13B07F861A680F5B00A75B9A;
					};
					13B07F861A680F5B00A75B9A = {
						LastSwiftMigration = 1120;
					};
				};
			};
			buildConfigurationList = 83CBB9FA1A601CBA00E9B192 /* Build configuration list for PBXProject "eqtlCli" */;
			compatibilityVersion = "Xcode 12.0";
			developmentRegion = en;
			hasScannedForEncodings = 0;
			knownRegions = (
				en,
				Base,
			);
			mainGroup = 83CBB9F61A601CBA00E9B192;
			productRefGroup = 83CBBA001A601CBA00E9B192 /* Products */;
			projectDirPath = "";
			projectRoot = "";
			targets = (
				13B07F861A680F5B00A75B9A /* eqtlCli */,
				00E356ED1AD99517003FC87E /* eqtlCliTests */,
			);
		};
/* End PBXProject section */

/* Begin PBXResourcesBuildPhase section */
		00E356EC1AD99517003FC87E /* Resources */ = {
			isa = PBXResourcesBuildPhase;
			buildActionMask = 2147483647;
			files = (
			);
			runOnlyForDeploymentPostprocessing = 0;
		};
		13B07F8E1A680F5B00A75B9A /* Resources */ = {
			isa = PBXResourcesBuildPhase;
			buildActionMask = 2147483647;
			files = (
				81AB9BB82411601600AC10FF /* LaunchScreen.storyboard in Resources */,
				13B07FBF1A68108700A75B9A /* Images.xcassets in Resources */,
				7265D2411B1C4779B14FF387 /* Poppins-Bold.ttf in Resources */,
				96AC6166AAA24F8592AE5723 /* Poppins-Medium.ttf in Resources */,
				33D7E1739F624B5B828B90A5 /* Poppins-Regular.ttf in Resources */,
				28D5077691E149848A2D3422 /* Roboto-Black.ttf in Resources */,
				D8FF42A6CE204AD5A35F3BAF /* Roboto-Bold.ttf in Resources */,
				1C6858DD2F194AF6B5B67852 /* Roboto-Light.ttf in Resources */,
				E6A546AB18DF47B3ABA3B6C4 /* Roboto-Medium.ttf in Resources */,
				E3AF3FCD658641B5AA2CDCAD /* Roboto-Regular.ttf in Resources */,
				A4ACC321501B4E9E979F8981 /* Roboto-Thin.ttf in Resources */,
				8A63326FBA3244FB8593A82D /* Nunito-Black.ttf in Resources */,
				9FD8053FF27F43F7B3D9A793 /* Nunito-Bold.ttf in Resources */,
				F8092C7E7645416AAA6DB92E /* Nunito-ExtraBold.ttf in Resources */,
				6341F5CD231248469488771A /* Nunito-ExtraLight.ttf in Resources */,
				A9D9F9EC2FDA46688FA75574 /* Nunito-Light.ttf in Resources */,
				F021EA54391C4BE49139EF02 /* Nunito-Regular.ttf in Resources */,
				4AB5C8A09E2F4314BC6FEC9F /* AntDesign.ttf in Resources */,
				CC49E09581C847D5B976EB68 /* Entypo.ttf in Resources */,
				3CB9EED0C7DC4F70B8E2E2E4 /* EvilIcons.ttf in Resources */,
				96C85DAA56B9482C969C4A26 /* Feather.ttf in Resources */,
				D1ED7D4CF43E46438CEB1996 /* FontAwesome.ttf in Resources */,
				39109C5817CB44A3BC989793 /* FontAwesome5_Brands.ttf in Resources */,
				FDFEBF7A99494B8E9EEEEFF5 /* FontAwesome5_Regular.ttf in Resources */,
				5C2CD83ED63848F895609569 /* FontAwesome5_Solid.ttf in Resources */,
				699B484CC5F148FDB5E36313 /* Fontisto.ttf in Resources */,
				FF72C5E3664A45EABC7AF78B /* Foundation.ttf in Resources */,
				A77BF3A8525E498088E1B65C /* Ionicons.ttf in Resources */,
				031ED76FDC5D444C83CCD9EB /* MaterialCommunityIcons.ttf in Resources */,
				6E934EBB51564C0C95ED8490 /* MaterialIcons.ttf in Resources */,
				D3E9C5A8FF76439BBFB369E2 /* Octicons.ttf in Resources */,
				11ABE67BC293426F99EDF505 /* SimpleLineIcons.ttf in Resources */,
				36F411896BFC4DFA89425024 /* Zocial.ttf in Resources */,
			);
			runOnlyForDeploymentPostprocessing = 0;
		};
/* End PBXResourcesBuildPhase section */

/* Begin PBXShellScriptBuildPhase section */
		00DD1BFF1BD5951E006B06BC /* Bundle React Native code and images */ = {
			isa = PBXShellScriptBuildPhase;
			buildActionMask = 2147483647;
			files = (
			);
			inputPaths = (
			);
			name = "Bundle React Native code and images";
			outputPaths = (
			);
			runOnlyForDeploymentPostprocessing = 0;
			shellPath = /bin/sh;
			shellScript = "set -e\n\nexport NODE_BINARY=node\n../node_modules/react-native/scripts/react-native-xcode.sh\n";
		};
		089D24902D444BCFB231FEF7 /* [CP] Embed Pods Frameworks */ = {
			isa = PBXShellScriptBuildPhase;
			buildActionMask = 2147483647;
			files = (
			);
			inputFileListPaths = (
				"${PODS_ROOT}/Target Support Files/Pods-eqtlCli-eqtlCliTests/Pods-eqtlCli-eqtlCliTests-frameworks-${CONFIGURATION}-input-files.xcfilelist",
			);
			name = "[CP] Embed Pods Frameworks";
			outputFileListPaths = (
				"${PODS_ROOT}/Target Support Files/Pods-eqtlCli-eqtlCliTests/Pods-eqtlCli-eqtlCliTests-frameworks-${CONFIGURATION}-output-files.xcfilelist",
			);
			runOnlyForDeploymentPostprocessing = 0;
			shellPath = /bin/sh;
			shellScript = "\"${PODS_ROOT}/Target Support Files/Pods-eqtlCli-eqtlCliTests/Pods-eqtlCli-eqtlCliTests-frameworks.sh\"\n";
			showEnvVarsInLog = 0;
		};
		1158A854C86EC80A79BA582A /* [CP] Check Pods Manifest.lock */ = {
			isa = PBXShellScriptBuildPhase;
			buildActionMask = 2147483647;
			files = (
			);
			inputFileListPaths = (
			);
			inputPaths = (
				"${PODS_PODFILE_DIR_PATH}/Podfile.lock",
				"${PODS_ROOT}/Manifest.lock",
			);
			name = "[CP] Check Pods Manifest.lock";
			outputFileListPaths = (
			);
			outputPaths = (
				"$(DERIVED_FILE_DIR)/Pods-eqtlCli-checkManifestLockResult.txt",
			);
			runOnlyForDeploymentPostprocessing = 0;
			shellPath = /bin/sh;
			shellScript = "diff \"${PODS_PODFILE_DIR_PATH}/Podfile.lock\" \"${PODS_ROOT}/Manifest.lock\" > /dev/null\nif [ $? != 0 ] ; then\n    # print error to STDERR\n    echo \"error: The sandbox is not in sync with the Podfile.lock. Run 'pod install' or update your CocoaPods installation.\" >&2\n    exit 1\nfi\n# This output is used by Xcode 'outputs' to avoid re-running this script phase.\necho \"SUCCESS\" > \"${SCRIPT_OUTPUT_FILE_0}\"\n";
			showEnvVarsInLog = 0;
		};
		1652D3A2633496C0C13B4BC8 /* [CP] Copy Pods Resources */ = {
			isa = PBXShellScriptBuildPhase;
			buildActionMask = 2147483647;
			files = (
			);
			inputFileListPaths = (
				"${PODS_ROOT}/Target Support Files/Pods-eqtlCli-eqtlCliTests/Pods-eqtlCli-eqtlCliTests-resources-${CONFIGURATION}-input-files.xcfilelist",
			);
			name = "[CP] Copy Pods Resources";
			outputFileListPaths = (
				"${PODS_ROOT}/Target Support Files/Pods-eqtlCli-eqtlCliTests/Pods-eqtlCli-eqtlCliTests-resources-${CONFIGURATION}-output-files.xcfilelist",
			);
			runOnlyForDeploymentPostprocessing = 0;
			shellPath = /bin/sh;
			shellScript = "\"${PODS_ROOT}/Target Support Files/Pods-eqtlCli-eqtlCliTests/Pods-eqtlCli-eqtlCliTests-resources.sh\"\n";
			showEnvVarsInLog = 0;
		};
		5BC99F8BAD9E28F64E6A5118 /* [CP] Embed Pods Frameworks */ = {
			isa = PBXShellScriptBuildPhase;
			buildActionMask = 2147483647;
			files = (
			);
			inputFileListPaths = (
				"${PODS_ROOT}/Target Support Files/Pods-eqtlCli/Pods-eqtlCli-frameworks-${CONFIGURATION}-input-files.xcfilelist",
			);
			name = "[CP] Embed Pods Frameworks";
			outputFileListPaths = (
				"${PODS_ROOT}/Target Support Files/Pods-eqtlCli/Pods-eqtlCli-frameworks-${CONFIGURATION}-output-files.xcfilelist",
			);
			runOnlyForDeploymentPostprocessing = 0;
			shellPath = /bin/sh;
			shellScript = "\"${PODS_ROOT}/Target Support Files/Pods-eqtlCli/Pods-eqtlCli-frameworks.sh\"\n";
			showEnvVarsInLog = 0;
		};
		61C06385950900F901CCE2EC /* [CP] Check Pods Manifest.lock */ = {
			isa = PBXShellScriptBuildPhase;
			buildActionMask = 2147483647;
			files = (
			);
			inputFileListPaths = (
			);
			inputPaths = (
				"${PODS_PODFILE_DIR_PATH}/Podfile.lock",
				"${PODS_ROOT}/Manifest.lock",
			);
			name = "[CP] Check Pods Manifest.lock";
			outputFileListPaths = (
			);
			outputPaths = (
				"$(DERIVED_FILE_DIR)/Pods-eqtlCli-eqtlCliTests-checkManifestLockResult.txt",
			);
			runOnlyForDeploymentPostprocessing = 0;
			shellPath = /bin/sh;
			shellScript = "diff \"${PODS_PODFILE_DIR_PATH}/Podfile.lock\" \"${PODS_ROOT}/Manifest.lock\" > /dev/null\nif [ $? != 0 ] ; then\n    # print error to STDERR\n    echo \"error: The sandbox is not in sync with the Podfile.lock. Run 'pod install' or update your CocoaPods installation.\" >&2\n    exit 1\nfi\n# This output is used by Xcode 'outputs' to avoid re-running this script phase.\necho \"SUCCESS\" > \"${SCRIPT_OUTPUT_FILE_0}\"\n";
			showEnvVarsInLog = 0;
		};
		DB9B61CF4FEF2C0978F1A9C7 /* [CP] Copy Pods Resources */ = {
			isa = PBXShellScriptBuildPhase;
			buildActionMask = 2147483647;
			files = (
			);
			inputFileListPaths = (
				"${PODS_ROOT}/Target Support Files/Pods-eqtlCli/Pods-eqtlCli-resources-${CONFIGURATION}-input-files.xcfilelist",
			);
			name = "[CP] Copy Pods Resources";
			outputFileListPaths = (
				"${PODS_ROOT}/Target Support Files/Pods-eqtlCli/Pods-eqtlCli-resources-${CONFIGURATION}-output-files.xcfilelist",
			);
			runOnlyForDeploymentPostprocessing = 0;
			shellPath = /bin/sh;
			shellScript = "\"${PODS_ROOT}/Target Support Files/Pods-eqtlCli/Pods-eqtlCli-resources.sh\"\n";
			showEnvVarsInLog = 0;
		};
		FD10A7F022414F080027D42C /* Start Packager */ = {
			isa = PBXShellScriptBuildPhase;
			buildActionMask = 2147483647;
			files = (
			);
			inputFileListPaths = (
			);
			inputPaths = (
			);
			name = "Start Packager";
			outputFileListPaths = (
			);
			outputPaths = (
			);
			runOnlyForDeploymentPostprocessing = 0;
			shellPath = /bin/sh;
			shellScript = "export RCT_METRO_PORT=\"${RCT_METRO_PORT:=8081}\"\necho \"export RCT_METRO_PORT=${RCT_METRO_PORT}\" > \"${SRCROOT}/../node_modules/react-native/scripts/.packager.env\"\nif [ -z \"${RCT_NO_LAUNCH_PACKAGER+xxx}\" ] ; then\n  if nc -w 5 -z localhost ${RCT_METRO_PORT} ; then\n    if ! curl -s \"http://localhost:${RCT_METRO_PORT}/status\" | grep -q \"packager-status:running\" ; then\n      echo \"Port ${RCT_METRO_PORT} already in use, packager is either not running or not running correctly\"\n      exit 2\n    fi\n  else\n    open \"$SRCROOT/../node_modules/react-native/scripts/launchPackager.command\" || echo \"Can't start packager automatically\"\n  fi\nfi\n";
			showEnvVarsInLog = 0;
		};
/* End PBXShellScriptBuildPhase section */

/* Begin PBXSourcesBuildPhase section */
		00E356EA1AD99517003FC87E /* Sources */ = {
			isa = PBXSourcesBuildPhase;
			buildActionMask = 2147483647;
			files = (
				00E356F31AD99517003FC87E /* eqtlCliTests.m in Sources */,
			);
			runOnlyForDeploymentPostprocessing = 0;
		};
		13B07F871A680F5B00A75B9A /* Sources */ = {
			isa = PBXSourcesBuildPhase;
			buildActionMask = 2147483647;
			files = (
				13B07FBC1A68108700A75B9A /* AppDelegate.m in Sources */,
				13B07FC11A68108700A75B9A /* main.m in Sources */,
			);
			runOnlyForDeploymentPostprocessing = 0;
		};
/* End PBXSourcesBuildPhase section */

/* Begin PBXTargetDependency section */
		00E356F51AD99517003FC87E /* PBXTargetDependency */ = {
			isa = PBXTargetDependency;
			target = 13B07F861A680F5B00A75B9A /* eqtlCli */;
			targetProxy = 00E356F41AD99517003FC87E /* PBXContainerItemProxy */;
		};
/* End PBXTargetDependency section */

/* Begin XCBuildConfiguration section */
		00E356F61AD99517003FC87E /* Debug */ = {
			isa = XCBuildConfiguration;
			baseConfigurationReference = 30F1E7EFE5A8C772027B7C79 /* Pods-eqtlCli-eqtlCliTests.debug.xcconfig */;
			buildSettings = {
				BUNDLE_LOADER = "$(TEST_HOST)";
				GCC_PREPROCESSOR_DEFINITIONS = (
					"DEBUG=1",
					"$(inherited)",
				);
				INFOPLIST_FILE = eqtlCliTests/Info.plist;
				IPHONEOS_DEPLOYMENT_TARGET = 10.0;
				LD_RUNPATH_SEARCH_PATHS = (
					"$(inherited)",
					"@executable_path/Frameworks",
					"@loader_path/Frameworks",
				);
				OTHER_LDFLAGS = (
					"-ObjC",
					"-lc++",
					"$(inherited)",
				);
				PRODUCT_BUNDLE_IDENTIFIER = "org.reactjs.native.example.$(PRODUCT_NAME:rfc1034identifier)";
				PRODUCT_NAME = "$(TARGET_NAME)";
				TEST_HOST = "$(BUILT_PRODUCTS_DIR)/eqtlCli.app/eqtlCli";
			};
			name = Debug;
		};
		00E356F71AD99517003FC87E /* Release */ = {
			isa = XCBuildConfiguration;
			baseConfigurationReference = F18F7824B874300130B74304 /* Pods-eqtlCli-eqtlCliTests.release.xcconfig */;
			buildSettings = {
				BUNDLE_LOADER = "$(TEST_HOST)";
				COPY_PHASE_STRIP = NO;
				INFOPLIST_FILE = eqtlCliTests/Info.plist;
				IPHONEOS_DEPLOYMENT_TARGET = 10.0;
				LD_RUNPATH_SEARCH_PATHS = (
					"$(inherited)",
					"@executable_path/Frameworks",
					"@loader_path/Frameworks",
				);
				OTHER_LDFLAGS = (
					"-ObjC",
					"-lc++",
					"$(inherited)",
				);
				PRODUCT_BUNDLE_IDENTIFIER = "org.reactjs.native.example.$(PRODUCT_NAME:rfc1034identifier)";
				PRODUCT_NAME = "$(TARGET_NAME)";
				TEST_HOST = "$(BUILT_PRODUCTS_DIR)/eqtlCli.app/eqtlCli";
			};
			name = Release;
		};
		13B07F941A680F5B00A75B9A /* Debug */ = {
			isa = XCBuildConfiguration;
			baseConfigurationReference = D98DED1F02FD50C99EA5F08D /* Pods-eqtlCli.debug.xcconfig */;
			buildSettings = {
				ASSETCATALOG_COMPILER_APPICON_NAME = AppIcon;
				CLANG_ENABLE_MODULES = YES;
				CURRENT_PROJECT_VERSION = 1;
				ENABLE_BITCODE = NO;
				INFOPLIST_FILE = eqtlCli/Info.plist;
				LD_RUNPATH_SEARCH_PATHS = (
					"$(inherited)",
					"@executable_path/Frameworks",
				);
				OTHER_LDFLAGS = (
					"$(inherited)",
					"-ObjC",
					"-lc++",
				);
				PRODUCT_BUNDLE_IDENTIFIER = "org.reactjs.native.example.$(PRODUCT_NAME:rfc1034identifier)";
				PRODUCT_NAME = eqtlCli;
				SWIFT_OPTIMIZATION_LEVEL = "-Onone";
				SWIFT_VERSION = 5.0;
				VERSIONING_SYSTEM = "apple-generic";
			};
			name = Debug;
		};
		13B07F951A680F5B00A75B9A /* Release */ = {
			isa = XCBuildConfiguration;
			baseConfigurationReference = 78392288E3E4EBDC242A9082 /* Pods-eqtlCli.release.xcconfig */;
			buildSettings = {
				ASSETCATALOG_COMPILER_APPICON_NAME = AppIcon;
				CLANG_ENABLE_MODULES = YES;
				CURRENT_PROJECT_VERSION = 1;
				INFOPLIST_FILE = eqtlCli/Info.plist;
				LD_RUNPATH_SEARCH_PATHS = (
					"$(inherited)",
					"@executable_path/Frameworks",
				);
				OTHER_LDFLAGS = (
					"$(inherited)",
					"-ObjC",
					"-lc++",
				);
				PRODUCT_BUNDLE_IDENTIFIER = "org.reactjs.native.example.$(PRODUCT_NAME:rfc1034identifier)";
				PRODUCT_NAME = eqtlCli;
				SWIFT_VERSION = 5.0;
				VERSIONING_SYSTEM = "apple-generic";
			};
			name = Release;
		};
		83CBBA201A601CBA00E9B192 /* Debug */ = {
			isa = XCBuildConfiguration;
			buildSettings = {
				ALWAYS_SEARCH_USER_PATHS = NO;
				CLANG_ANALYZER_LOCALIZABILITY_NONLOCALIZED = YES;
				CLANG_CXX_LANGUAGE_STANDARD = "gnu++0x";
				CLANG_CXX_LIBRARY = "libc++";
				CLANG_ENABLE_MODULES = YES;
				CLANG_ENABLE_OBJC_ARC = YES;
				CLANG_WARN_BLOCK_CAPTURE_AUTORELEASING = YES;
				CLANG_WARN_BOOL_CONVERSION = YES;
				CLANG_WARN_COMMA = YES;
				CLANG_WARN_CONSTANT_CONVERSION = YES;
				CLANG_WARN_DEPRECATED_OBJC_IMPLEMENTATIONS = YES;
				CLANG_WARN_DIRECT_OBJC_ISA_USAGE = YES_ERROR;
				CLANG_WARN_EMPTY_BODY = YES;
				CLANG_WARN_ENUM_CONVERSION = YES;
				CLANG_WARN_INFINITE_RECURSION = YES;
				CLANG_WARN_INT_CONVERSION = YES;
				CLANG_WARN_NON_LITERAL_NULL_CONVERSION = YES;
				CLANG_WARN_OBJC_IMPLICIT_RETAIN_SELF = YES;
				CLANG_WARN_OBJC_LITERAL_CONVERSION = YES;
				CLANG_WARN_OBJC_ROOT_CLASS = YES_ERROR;
				CLANG_WARN_QUOTED_INCLUDE_IN_FRAMEWORK_HEADER = YES;
				CLANG_WARN_RANGE_LOOP_ANALYSIS = YES;
				CLANG_WARN_STRICT_PROTOTYPES = YES;
				CLANG_WARN_SUSPICIOUS_MOVE = YES;
				CLANG_WARN_UNREACHABLE_CODE = YES;
				CLANG_WARN__DUPLICATE_METHOD_MATCH = YES;
				"CODE_SIGN_IDENTITY[sdk=iphoneos*]" = "iPhone Developer";
				COPY_PHASE_STRIP = NO;
				ENABLE_STRICT_OBJC_MSGSEND = YES;
				ENABLE_TESTABILITY = YES;
				"EXCLUDED_ARCHS[sdk=iphonesimulator*]" = "arm64 ";
				GCC_C_LANGUAGE_STANDARD = gnu99;
				GCC_DYNAMIC_NO_PIC = NO;
				GCC_NO_COMMON_BLOCKS = YES;
				GCC_OPTIMIZATION_LEVEL = 0;
				GCC_PREPROCESSOR_DEFINITIONS = (
					"DEBUG=1",
					"$(inherited)",
				);
				GCC_SYMBOLS_PRIVATE_EXTERN = NO;
				GCC_WARN_64_TO_32_BIT_CONVERSION = YES;
				GCC_WARN_ABOUT_RETURN_TYPE = YES_ERROR;
				GCC_WARN_UNDECLARED_SELECTOR = YES;
				GCC_WARN_UNINITIALIZED_AUTOS = YES_AGGRESSIVE;
				GCC_WARN_UNUSED_FUNCTION = YES;
				GCC_WARN_UNUSED_VARIABLE = YES;
				IPHONEOS_DEPLOYMENT_TARGET = 10.0;
				LD_RUNPATH_SEARCH_PATHS = (
					/usr/lib/swift,
					"$(inherited)",
				);
				LIBRARY_SEARCH_PATHS = (
					"\"$(TOOLCHAIN_DIR)/usr/lib/swift/$(PLATFORM_NAME)\"",
					"\"$(TOOLCHAIN_DIR)/usr/lib/swift-5.0/$(PLATFORM_NAME)\"",
					"\"$(inherited)\"",
				);
				MTL_ENABLE_DEBUG_INFO = YES;
				ONLY_ACTIVE_ARCH = YES;
				SDKROOT = iphoneos;
			};
			name = Debug;
		};
		83CBBA211A601CBA00E9B192 /* Release */ = {
			isa = XCBuildConfiguration;
			buildSettings = {
				ALWAYS_SEARCH_USER_PATHS = NO;
				CLANG_ANALYZER_LOCALIZABILITY_NONLOCALIZED = YES;
				CLANG_CXX_LANGUAGE_STANDARD = "gnu++0x";
				CLANG_CXX_LIBRARY = "libc++";
				CLANG_ENABLE_MODULES = YES;
				CLANG_ENABLE_OBJC_ARC = YES;
				CLANG_WARN_BLOCK_CAPTURE_AUTORELEASING = YES;
				CLANG_WARN_BOOL_CONVERSION = YES;
				CLANG_WARN_COMMA = YES;
				CLANG_WARN_CONSTANT_CONVERSION = YES;
				CLANG_WARN_DEPRECATED_OBJC_IMPLEMENTATIONS = YES;
				CLANG_WARN_DIRECT_OBJC_ISA_USAGE = YES_ERROR;
				CLANG_WARN_EMPTY_BODY = YES;
				CLANG_WARN_ENUM_CONVERSION = YES;
				CLANG_WARN_INFINITE_RECURSION = YES;
				CLANG_WARN_INT_CONVERSION = YES;
				CLANG_WARN_NON_LITERAL_NULL_CONVERSION = YES;
				CLANG_WARN_OBJC_IMPLICIT_RETAIN_SELF = YES;
				CLANG_WARN_OBJC_LITERAL_CONVERSION = YES;
				CLANG_WARN_OBJC_ROOT_CLASS = YES_ERROR;
				CLANG_WARN_QUOTED_INCLUDE_IN_FRAMEWORK_HEADER = YES;
				CLANG_WARN_RANGE_LOOP_ANALYSIS = YES;
				CLANG_WARN_STRICT_PROTOTYPES = YES;
				CLANG_WARN_SUSPICIOUS_MOVE = YES;
				CLANG_WARN_UNREACHABLE_CODE = YES;
				CLANG_WARN__DUPLICATE_METHOD_MATCH = YES;
				"CODE_SIGN_IDENTITY[sdk=iphoneos*]" = "iPhone Developer";
				COPY_PHASE_STRIP = YES;
				ENABLE_NS_ASSERTIONS = NO;
				ENABLE_STRICT_OBJC_MSGSEND = YES;
				"EXCLUDED_ARCHS[sdk=iphonesimulator*]" = "arm64 ";
				GCC_C_LANGUAGE_STANDARD = gnu99;
				GCC_NO_COMMON_BLOCKS = YES;
				GCC_WARN_64_TO_32_BIT_CONVERSION = YES;
				GCC_WARN_ABOUT_RETURN_TYPE = YES_ERROR;
				GCC_WARN_UNDECLARED_SELECTOR = YES;
				GCC_WARN_UNINITIALIZED_AUTOS = YES_AGGRESSIVE;
				GCC_WARN_UNUSED_FUNCTION = YES;
				GCC_WARN_UNUSED_VARIABLE = YES;
				IPHONEOS_DEPLOYMENT_TARGET = 10.0;
				LD_RUNPATH_SEARCH_PATHS = (
					/usr/lib/swift,
					"$(inherited)",
				);
				LIBRARY_SEARCH_PATHS = (
					"\"$(TOOLCHAIN_DIR)/usr/lib/swift/$(PLATFORM_NAME)\"",
					"\"$(TOOLCHAIN_DIR)/usr/lib/swift-5.0/$(PLATFORM_NAME)\"",
					"\"$(inherited)\"",
				);
				MTL_ENABLE_DEBUG_INFO = NO;
				SDKROOT = iphoneos;
				VALIDATE_PRODUCT = YES;
			};
			name = Release;
		};
/* End XCBuildConfiguration section */

/* Begin XCConfigurationList section */
		00E357021AD99517003FC87E /* Build configuration list for PBXNativeTarget "eqtlCliTests" */ = {
			isa = XCConfigurationList;
			buildConfigurations = (
				00E356F61AD99517003FC87E /* Debug */,
				00E356F71AD99517003FC87E /* Release */,
			);
			defaultConfigurationIsVisible = 0;
			defaultConfigurationName = Release;
		};
		13B07F931A680F5B00A75B9A /* Build configuration list for PBXNativeTarget "eqtlCli" */ = {
			isa = XCConfigurationList;
			buildConfigurations = (
				13B07F941A680F5B00A75B9A /* Debug */,
				13B07F951A680F5B00A75B9A /* Release */,
			);
			defaultConfigurationIsVisible = 0;
			defaultConfigurationName = Release;
		};
		83CBB9FA1A601CBA00E9B192 /* Build configuration list for PBXProject "eqtlCli" */ = {
			isa = XCConfigurationList;
			buildConfigurations = (
				83CBBA201A601CBA00E9B192 /* Debug */,
				83CBBA211A601CBA00E9B192 /* Release */,
			);
			defaultConfigurationIsVisible = 0;
			defaultConfigurationName = Release;
		};
/* End XCConfigurationList section */
	};
	rootObject = 83CBB9F71A601CBA00E9B192 /* Project object */;
}
